
Microsoft Visual Studio Solution File, Format Version 12.00
# Visual Studio 14
VisualStudioVersion = 14.0.23107.0
MinimumVisualStudioVersion = 10.0.40219.1
Project("{FAE04EC0-301F-11D3-BF4B-00C04F79EFBC}") = "Panteon.Realtime.Pusher", "Panteon.Realtime.Pusher\Panteon.Realtime.Pusher.csproj", "{1E76ED63-63AE-42CF-97C6-8F163170172F}"
EndProject
Project("{FAE04EC0-301F-11D3-BF4B-00C04F79EFBC}") = "Panteon.Realtime.Pusher.Tests", "Panteon.Realtime.Pusher.Tests\Panteon.Realtime.Pusher.Tests.csproj", "{662AF4E6-ED92-459D-82AC-0B0A0A71FC19}"
EndProject
Global
	GlobalSection(SolutionConfigurationPlatforms) = preSolution
		Debug|Any CPU = Debug|Any CPU
		Release|Any CPU = Release|Any CPU
	EndGlobalSection
	GlobalSection(ProjectConfigurationPlatforms) = postSolution
		{1E76ED63-63AE-42CF-97C6-8F163170172F}.Debug|Any CPU.ActiveCfg = Debug|Any CPU
		{1E76ED63-63AE-42CF-97C6-8F163170172F}.Debug|Any CPU.Build.0 = Debug|Any CPU
		{1E76ED63-63AE-42CF-97C6-8F163170172F}.Release|Any CPU.ActiveCfg = Release|Any CPU
		{1E76ED63-63AE-42CF-97C6-8F163170172F}.Release|Any CPU.Build.0 = Release|Any CPU
		{662AF4E6-ED92-459D-82AC-0B0A0A71FC19}.Debug|Any CPU.ActiveCfg = Debug|Any CPU
		{662AF4E6-ED92-459D-82AC-0B0A0A71FC19}.Debug|Any CPU.Build.0 = Debug|Any CPU
		{662AF4E6-ED92-459D-82AC-0B0A0A71FC19}.Release|Any CPU.ActiveCfg = Release|Any CPU
		{662AF4E6-ED92-459D-82AC-0B0A0A71FC19}.Release|Any CPU.Build.0 = Release|Any CPU
	EndGlobalSection
	GlobalSection(SolutionProperties) = preSolution
		HideSolutionNode = FALSE
	EndGlobalSection
EndGlobal
